
Microsoft Visual Studio Solution File, Format Version 12.00
# Visual Studio Version 17
VisualStudioVersion = 17.11.35312.102
MinimumVisualStudioVersion = 10.0.40219.1
Project("{FAE04EC0-301F-11D3-BF4B-00C04F79EFBC}") = "TicTacToeI", "TicTacToeI\TicTacToeI.csproj", "{D546B405-D162-4457-AC80-F4F190BA3EBC}"
EndProject
Global
	GlobalSection(SolutionConfigurationPlatforms) = preSolution
		Debug|Any CPU = Debug|Any CPU
		Release|Any CPU = Release|Any CPU
	EndGlobalSection
	GlobalSection(ProjectConfigurationPlatforms) = postSolution
		{D546B405-D162-4457-AC80-F4F190BA3EBC}.Debug|Any CPU.ActiveCfg = Debug|Any CPU
		{D546B405-D162-4457-AC80-F4F190BA3EBC}.Debug|Any CPU.Build.0 = Debug|Any CPU
		{D546B405-D162-4457-AC80-F4F190BA3EBC}.Release|Any CPU.ActiveCfg = Release|Any CPU
		{D546B405-D162-4457-AC80-F4F190BA3EBC}.Release|Any CPU.Build.0 = Release|Any CPU
	EndGlobalSection
	GlobalSection(SolutionProperties) = preSolution
		HideSolutionNode = FALSE
	EndGlobalSection
	GlobalSection(ExtensibilityGlobals) = postSolution
		SolutionGuid = {E7191C00-1926-430F-9A0F-A8A056B98D79}
	EndGlobalSection
EndGlobal
